
Microsoft Visual Studio Solution File, Format Version 12.00
# Visual Studio Version 16
VisualStudioVersion = 16.0.30717.126
MinimumVisualStudioVersion = 10.0.40219.1
Project("{FAE04EC0-301F-11D3-BF4B-00C04F79EFBC}") = "WpfSample", "WpfSample.csproj", "{6FCC7BFC-E048-45D0-9C99-DBE7D0093BDA}"
EndProject
Global
	GlobalSection(SolutionConfigurationPlatforms) = preSolution
		Debug|Any CPU = Debug|Any CPU
		Release|Any CPU = Release|Any CPU
	EndGlobalSection
	GlobalSection(ProjectConfigurationPlatforms) = postSolution
		{6FCC7BFC-E048-45D0-9C99-DBE7D0093BDA}.Debug|Any CPU.ActiveCfg = Debug|Any CPU
		{6FCC7BFC-E048-45D0-9C99-DBE7D0093BDA}.Debug|Any CPU.Build.0 = Debug|Any CPU
		{6FCC7BFC-E048-45D0-9C99-DBE7D0093BDA}.Release|Any CPU.ActiveCfg = Release|Any CPU
		{6FCC7BFC-E048-45D0-9C99-DBE7D0093BDA}.Release|Any CPU.Build.0 = Release|Any CPU
	EndGlobalSection
	GlobalSection(SolutionProperties) = preSolution
		HideSolutionNode = FALSE
	EndGlobalSection
	GlobalSection(ExtensibilityGlobals) = postSolution
		SolutionGuid = {2B441442-D412-42FE-BDAC-48F26CBCB0A0}
	EndGlobalSection
EndGlobal
